// !$*UTF8*$!
{
	archiveVersion = 1;
	classes = {
	};
	objectVersion = 52;
	objects = {

/* Begin PBXBuildFile section */
		8E1ABB6B23C0A9080060C8DF /* CarouselFlow.swift in Sources */ = {isa = PBXBuildFile; fileRef = 8E1ABB6A23C0A9080060C8DF /* CarouselFlow.swift */; };
		8E7E7F0123A93F4300555D65 /* CheckInListViewControllerTests.swift in Sources */ = {isa = PBXBuildFile; fileRef = 8E7E7F0023A93F4300555D65 /* CheckInListViewControllerTests.swift */; };
		8E7E7F0323A94E1300555D65 /* HomeViewControllerTests.swift in Sources */ = {isa = PBXBuildFile; fileRef = 8E7E7F0223A94E1300555D65 /* HomeViewControllerTests.swift */; };
		8E949AA623AB3A9E00476855 /* CheckInSection.swift in Sources */ = {isa = PBXBuildFile; fileRef = 8E949AA523AB3A9E00476855 /* CheckInSection.swift */; };
		8ED0C63923A9EBBA00DAAB34 /* SFSafeSymbols in Frameworks */ = {isa = PBXBuildFile; productRef = 8ED0C63823A9EBBA00DAAB34 /* SFSafeSymbols */; };
		8ED0C63C23A9F60200DAAB34 /* UICollectionView+Ext.swift in Sources */ = {isa = PBXBuildFile; fileRef = 8ED0C63B23A9F60200DAAB34 /* UICollectionView+Ext.swift */; };
		8ED0C64323A9F8F800DAAB34 /* DateHelper in Frameworks */ = {isa = PBXBuildFile; productRef = 8ED0C64223A9F8F800DAAB34 /* DateHelper */; };
		8ED0C64723AA07B400DAAB34 /* CreateCheckInCell.swift in Sources */ = {isa = PBXBuildFile; fileRef = 8ED0C64623AA07B400DAAB34 /* CreateCheckInCell.swift */; };
		8ED5BFD323A687E6009D98A4 /* R.generated.swift in Sources */ = {isa = PBXBuildFile; fileRef = 8ED5BFD223A687E6009D98A4 /* R.generated.swift */; };
		8EDB016023AA984C0032BEFA /* PastCheckInCell.swift in Sources */ = {isa = PBXBuildFile; fileRef = 8EDB015F23AA984C0032BEFA /* PastCheckInCell.swift */; };
		8EDCD67823970303002C6EA3 /* AppDelegate.swift in Sources */ = {isa = PBXBuildFile; fileRef = 8EDCD67723970303002C6EA3 /* AppDelegate.swift */; };
		8EDCD67A23970303002C6EA3 /* SceneDelegate.swift in Sources */ = {isa = PBXBuildFile; fileRef = 8EDCD67923970303002C6EA3 /* SceneDelegate.swift */; };
		8EDCD67C23970303002C6EA3 /* CheckInListViewController.swift in Sources */ = {isa = PBXBuildFile; fileRef = 8EDCD67B23970303002C6EA3 /* CheckInListViewController.swift */; };
		8EDCD68223970303002C6EA3 /* Introspect.xcdatamodeld in Sources */ = {isa = PBXBuildFile; fileRef = 8EDCD68023970303002C6EA3 /* Introspect.xcdatamodeld */; };
		8EDCD68423970306002C6EA3 /* Assets.xcassets in Resources */ = {isa = PBXBuildFile; fileRef = 8EDCD68323970306002C6EA3 /* Assets.xcassets */; };
		8EDCD68723970306002C6EA3 /* LaunchScreen.storyboard in Resources */ = {isa = PBXBuildFile; fileRef = 8EDCD68523970306002C6EA3 /* LaunchScreen.storyboard */; };
		8EDCD69D23970306002C6EA3 /* IntrospectUITests.swift in Sources */ = {isa = PBXBuildFile; fileRef = 8EDCD69C23970306002C6EA3 /* IntrospectUITests.swift */; };
		8EDCD6AC23970C56002C6EA3 /* Swinject in Frameworks */ = {isa = PBXBuildFile; productRef = 8EDCD6AB23970C56002C6EA3 /* Swinject */; };
		8EDCD6AF23970C85002C6EA3 /* SwinjectAutoregistration in Frameworks */ = {isa = PBXBuildFile; productRef = 8EDCD6AE23970C85002C6EA3 /* SwinjectAutoregistration */; };
		8EDCD6B22397884B002C6EA3 /* UI in Resources */ = {isa = PBXBuildFile; fileRef = 8EDCD6B12397884B002C6EA3 /* UI */; };
		8EDCD6BD239836A5002C6EA3 /* UI in Frameworks */ = {isa = PBXBuildFile; productRef = 8EDCD6BC239836A5002C6EA3 /* UI */; };
		8EDCD6BF23983781002C6EA3 /* HomeViewController.swift in Sources */ = {isa = PBXBuildFile; fileRef = 8EDCD6BE23983781002C6EA3 /* HomeViewController.swift */; };
		8EE6D20B23A682080080C060 /* Rswift in Frameworks */ = {isa = PBXBuildFile; productRef = 8EE6D20A23A682080080C060 /* Rswift */; };
/* End PBXBuildFile section */

/* Begin PBXContainerItemProxy section */
		8EDCD68E23970306002C6EA3 /* PBXContainerItemProxy */ = {
			isa = PBXContainerItemProxy;
			containerPortal = 8EDCD66C23970303002C6EA3 /* Project object */;
			proxyType = 1;
			remoteGlobalIDString = 8EDCD67323970303002C6EA3;
			remoteInfo = Introspect;
		};
		8EDCD69923970306002C6EA3 /* PBXContainerItemProxy */ = {
			isa = PBXContainerItemProxy;
			containerPortal = 8EDCD66C23970303002C6EA3 /* Project object */;
			proxyType = 1;
			remoteGlobalIDString = 8EDCD67323970303002C6EA3;
			remoteInfo = Introspect;
		};
/* End PBXContainerItemProxy section */

/* Begin PBXFileReference section */
		8E1ABB6A23C0A9080060C8DF /* CarouselFlow.swift */ = {isa = PBXFileReference; lastKnownFileType = sourcecode.swift; path = CarouselFlow.swift; sourceTree = "<group>"; };
		8E7E7F0023A93F4300555D65 /* CheckInListViewControllerTests.swift */ = {isa = PBXFileReference; lastKnownFileType = sourcecode.swift; path = CheckInListViewControllerTests.swift; sourceTree = "<group>"; };
		8E7E7F0223A94E1300555D65 /* HomeViewControllerTests.swift */ = {isa = PBXFileReference; lastKnownFileType = sourcecode.swift; path = HomeViewControllerTests.swift; sourceTree = "<group>"; };
		8E949AA523AB3A9E00476855 /* CheckInSection.swift */ = {isa = PBXFileReference; lastKnownFileType = sourcecode.swift; path = CheckInSection.swift; sourceTree = "<group>"; };
		8ED0C63B23A9F60200DAAB34 /* UICollectionView+Ext.swift */ = {isa = PBXFileReference; lastKnownFileType = sourcecode.swift; path = "UICollectionView+Ext.swift"; sourceTree = "<group>"; };
		8ED0C64623AA07B400DAAB34 /* CreateCheckInCell.swift */ = {isa = PBXFileReference; lastKnownFileType = sourcecode.swift; path = CreateCheckInCell.swift; sourceTree = "<group>"; };
		8ED5BFD223A687E6009D98A4 /* R.generated.swift */ = {isa = PBXFileReference; fileEncoding = 4; lastKnownFileType = sourcecode.swift; path = R.generated.swift; sourceTree = "<group>"; };
		8EDB015F23AA984C0032BEFA /* PastCheckInCell.swift */ = {isa = PBXFileReference; lastKnownFileType = sourcecode.swift; path = PastCheckInCell.swift; sourceTree = "<group>"; };
		8EDCD67423970303002C6EA3 /* Introspect.app */ = {isa = PBXFileReference; explicitFileType = wrapper.application; includeInIndex = 0; path = Introspect.app; sourceTree = BUILT_PRODUCTS_DIR; };
		8EDCD67723970303002C6EA3 /* AppDelegate.swift */ = {isa = PBXFileReference; lastKnownFileType = sourcecode.swift; path = AppDelegate.swift; sourceTree = "<group>"; };
		8EDCD67923970303002C6EA3 /* SceneDelegate.swift */ = {isa = PBXFileReference; lastKnownFileType = sourcecode.swift; path = SceneDelegate.swift; sourceTree = "<group>"; };
		8EDCD67B23970303002C6EA3 /* CheckInListViewController.swift */ = {isa = PBXFileReference; lastKnownFileType = sourcecode.swift; path = CheckInListViewController.swift; sourceTree = "<group>"; };
		8EDCD68123970303002C6EA3 /* Introspect.xcdatamodel */ = {isa = PBXFileReference; lastKnownFileType = wrapper.xcdatamodel; path = Introspect.xcdatamodel; sourceTree = "<group>"; };
		8EDCD68323970306002C6EA3 /* Assets.xcassets */ = {isa = PBXFileReference; lastKnownFileType = folder.assetcatalog; path = Assets.xcassets; sourceTree = "<group>"; };
		8EDCD68623970306002C6EA3 /* Base */ = {isa = PBXFileReference; lastKnownFileType = file.storyboard; name = Base; path = Base.lproj/LaunchScreen.storyboard; sourceTree = "<group>"; };
		8EDCD68823970306002C6EA3 /* Info.plist */ = {isa = PBXFileReference; lastKnownFileType = text.plist.xml; path = Info.plist; sourceTree = "<group>"; };
		8EDCD68D23970306002C6EA3 /* IntrospectTests.xctest */ = {isa = PBXFileReference; explicitFileType = wrapper.cfbundle; includeInIndex = 0; path = IntrospectTests.xctest; sourceTree = BUILT_PRODUCTS_DIR; };
		8EDCD69323970306002C6EA3 /* Info.plist */ = {isa = PBXFileReference; lastKnownFileType = text.plist.xml; path = Info.plist; sourceTree = "<group>"; };
		8EDCD69823970306002C6EA3 /* IntrospectUITests.xctest */ = {isa = PBXFileReference; explicitFileType = wrapper.cfbundle; includeInIndex = 0; path = IntrospectUITests.xctest; sourceTree = BUILT_PRODUCTS_DIR; };
		8EDCD69C23970306002C6EA3 /* IntrospectUITests.swift */ = {isa = PBXFileReference; lastKnownFileType = sourcecode.swift; path = IntrospectUITests.swift; sourceTree = "<group>"; };
		8EDCD69E23970306002C6EA3 /* Info.plist */ = {isa = PBXFileReference; lastKnownFileType = text.plist.xml; path = Info.plist; sourceTree = "<group>"; };
		8EDCD6B12397884B002C6EA3 /* UI */ = {isa = PBXFileReference; lastKnownFileType = folder; path = UI; sourceTree = "<group>"; };
		8EDCD6BE23983781002C6EA3 /* HomeViewController.swift */ = {isa = PBXFileReference; lastKnownFileType = sourcecode.swift; path = HomeViewController.swift; sourceTree = "<group>"; };
/* End PBXFileReference section */

/* Begin PBXFrameworksBuildPhase section */
		8EDCD67123970303002C6EA3 /* Frameworks */ = {
			isa = PBXFrameworksBuildPhase;
			buildActionMask = 2147483647;
			files = (
				8ED0C64323A9F8F800DAAB34 /* DateHelper in Frameworks */,
				8ED0C63923A9EBBA00DAAB34 /* SFSafeSymbols in Frameworks */,
				8EDCD6AC23970C56002C6EA3 /* Swinject in Frameworks */,
				8EE6D20B23A682080080C060 /* Rswift in Frameworks */,
				8EDCD6BD239836A5002C6EA3 /* UI in Frameworks */,
				8EDCD6AF23970C85002C6EA3 /* SwinjectAutoregistration in Frameworks */,
			);
			runOnlyForDeploymentPostprocessing = 0;
		};
		8EDCD68A23970306002C6EA3 /* Frameworks */ = {
			isa = PBXFrameworksBuildPhase;
			buildActionMask = 2147483647;
			files = (
			);
			runOnlyForDeploymentPostprocessing = 0;
		};
		8EDCD69523970306002C6EA3 /* Frameworks */ = {
			isa = PBXFrameworksBuildPhase;
			buildActionMask = 2147483647;
			files = (
			);
			runOnlyForDeploymentPostprocessing = 0;
		};
/* End PBXFrameworksBuildPhase section */

/* Begin PBXGroup section */
		8E1ABB6923C0A8EC0060C8DF /* Flow */ = {
			isa = PBXGroup;
			children = (
				8E1ABB6A23C0A9080060C8DF /* CarouselFlow.swift */,
			);
			path = Flow;
			sourceTree = "<group>";
		};
		8E7E7EFE23A7E39C00555D65 /* Modules */ = {
			isa = PBXGroup;
			children = (
				8EDCD6B023978486002C6EA3 /* Home */,
			);
			path = Modules;
			sourceTree = "<group>";
		};
		8E7E7EFF23A93EEC00555D65 /* Home */ = {
			isa = PBXGroup;
			children = (
				8E7E7F0223A94E1300555D65 /* HomeViewControllerTests.swift */,
				8E7E7F0023A93F4300555D65 /* CheckInListViewControllerTests.swift */,
			);
			path = Home;
			sourceTree = "<group>";
		};
		8E949AA723AB420000476855 /* Cells */ = {
			isa = PBXGroup;
			children = (
				8ED0C64623AA07B400DAAB34 /* CreateCheckInCell.swift */,
				8EDB015F23AA984C0032BEFA /* PastCheckInCell.swift */,
			);
			path = Cells;
			sourceTree = "<group>";
		};
		8ED0C63A23A9F5C700DAAB34 /* Utilities */ = {
			isa = PBXGroup;
			children = (
				8ED0C63B23A9F60200DAAB34 /* UICollectionView+Ext.swift */,
			);
			path = Utilities;
			sourceTree = "<group>";
		};
		8ED5BFD123A6855C009D98A4 /* Resources */ = {
			isa = PBXGroup;
			children = (
				8ED5BFD223A687E6009D98A4 /* R.generated.swift */,
				8EDCD68323970306002C6EA3 /* Assets.xcassets */,
				8EDCD68523970306002C6EA3 /* LaunchScreen.storyboard */,
			);
			path = Resources;
			sourceTree = "<group>";
		};
		8EDCD66B23970303002C6EA3 = {
			isa = PBXGroup;
			children = (
				8EDCD6B12397884B002C6EA3 /* UI */,
				8EDCD67623970303002C6EA3 /* Introspect */,
				8EDCD69023970306002C6EA3 /* IntrospectTests */,
				8EDCD69B23970306002C6EA3 /* IntrospectUITests */,
				8EDCD67523970303002C6EA3 /* Products */,
				8EDCD6BB239836A5002C6EA3 /* Frameworks */,
			);
			sourceTree = "<group>";
		};
		8EDCD67523970303002C6EA3 /* Products */ = {
			isa = PBXGroup;
			children = (
				8EDCD67423970303002C6EA3 /* Introspect.app */,
				8EDCD68D23970306002C6EA3 /* IntrospectTests.xctest */,
				8EDCD69823970306002C6EA3 /* IntrospectUITests.xctest */,
			);
			name = Products;
			sourceTree = "<group>";
		};
		8EDCD67623970303002C6EA3 /* Introspect */ = {
			isa = PBXGroup;
			children = (
				8ED5BFD123A6855C009D98A4 /* Resources */,
				8E7E7EFE23A7E39C00555D65 /* Modules */,
				8EDCD67723970303002C6EA3 /* AppDelegate.swift */,
				8EDCD67923970303002C6EA3 /* SceneDelegate.swift */,
				8EDCD68823970306002C6EA3 /* Info.plist */,
				8EDCD68023970303002C6EA3 /* Introspect.xcdatamodeld */,
			);
			path = Introspect;
			sourceTree = "<group>";
		};
		8EDCD69023970306002C6EA3 /* IntrospectTests */ = {
			isa = PBXGroup;
			children = (
				8ED0C63A23A9F5C700DAAB34 /* Utilities */,
				8E7E7EFF23A93EEC00555D65 /* Home */,
				8EDCD69323970306002C6EA3 /* Info.plist */,
			);
			path = IntrospectTests;
			sourceTree = "<group>";
		};
		8EDCD69B23970306002C6EA3 /* IntrospectUITests */ = {
			isa = PBXGroup;
			children = (
				8EDCD69C23970306002C6EA3 /* IntrospectUITests.swift */,
				8EDCD69E23970306002C6EA3 /* Info.plist */,
			);
			path = IntrospectUITests;
			sourceTree = "<group>";
		};
		8EDCD6B023978486002C6EA3 /* Home */ = {
			isa = PBXGroup;
			children = (
				8E1ABB6923C0A8EC0060C8DF /* Flow */,
				8E949AA723AB420000476855 /* Cells */,
				8EDCD6BE23983781002C6EA3 /* HomeViewController.swift */,
				8EDCD67B23970303002C6EA3 /* CheckInListViewController.swift */,
				8E949AA523AB3A9E00476855 /* CheckInSection.swift */,
			);
			path = Home;
			sourceTree = "<group>";
		};
		8EDCD6BB239836A5002C6EA3 /* Frameworks */ = {
			isa = PBXGroup;
			children = (
			);
			name = Frameworks;
			sourceTree = "<group>";
		};
/* End PBXGroup section */

/* Begin PBXNativeTarget section */
		8EDCD67323970303002C6EA3 /* Introspect */ = {
			isa = PBXNativeTarget;
			buildConfigurationList = 8EDCD6A123970306002C6EA3 /* Build configuration list for PBXNativeTarget "Introspect" */;
			buildPhases = (
				8E374C6C23A2AA6D00EA9888 /* Run SwiftLint */,
				8E374C7723A6587400EA9888 /* Run SwiftFormat */,
				8EE6D20623A680B30080C060 /* Run R.swift */,
				8EDCD67023970303002C6EA3 /* Sources */,
				8EDCD67123970303002C6EA3 /* Frameworks */,
				8EDCD67223970303002C6EA3 /* Resources */,
			);
			buildRules = (
			);
			dependencies = (
			);
			name = Introspect;
			packageProductDependencies = (
				8EDCD6AB23970C56002C6EA3 /* Swinject */,
				8EDCD6AE23970C85002C6EA3 /* SwinjectAutoregistration */,
				8EDCD6BC239836A5002C6EA3 /* UI */,
				8EE6D20A23A682080080C060 /* Rswift */,
				8ED0C63823A9EBBA00DAAB34 /* SFSafeSymbols */,
				8ED0C64223A9F8F800DAAB34 /* DateHelper */,
			);
			productName = Introspect;
			productReference = 8EDCD67423970303002C6EA3 /* Introspect.app */;
			productType = "com.apple.product-type.application";
		};
		8EDCD68C23970306002C6EA3 /* IntrospectTests */ = {
			isa = PBXNativeTarget;
			buildConfigurationList = 8EDCD6A423970306002C6EA3 /* Build configuration list for PBXNativeTarget "IntrospectTests" */;
			buildPhases = (
				8EDCD68923970306002C6EA3 /* Sources */,
				8EDCD68A23970306002C6EA3 /* Frameworks */,
				8EDCD68B23970306002C6EA3 /* Resources */,
			);
			buildRules = (
			);
			dependencies = (
				8EDCD68F23970306002C6EA3 /* PBXTargetDependency */,
			);
			name = IntrospectTests;
			packageProductDependencies = (
			);
			productName = IntrospectTests;
			productReference = 8EDCD68D23970306002C6EA3 /* IntrospectTests.xctest */;
			productType = "com.apple.product-type.bundle.unit-test";
		};
		8EDCD69723970306002C6EA3 /* IntrospectUITests */ = {
			isa = PBXNativeTarget;
			buildConfigurationList = 8EDCD6A723970306002C6EA3 /* Build configuration list for PBXNativeTarget "IntrospectUITests" */;
			buildPhases = (
				8EDCD69423970306002C6EA3 /* Sources */,
				8EDCD69523970306002C6EA3 /* Frameworks */,
				8EDCD69623970306002C6EA3 /* Resources */,
			);
			buildRules = (
			);
			dependencies = (
				8EDCD69A23970306002C6EA3 /* PBXTargetDependency */,
			);
			name = IntrospectUITests;
			productName = IntrospectUITests;
			productReference = 8EDCD69823970306002C6EA3 /* IntrospectUITests.xctest */;
			productType = "com.apple.product-type.bundle.ui-testing";
		};
/* End PBXNativeTarget section */

/* Begin PBXProject section */
		8EDCD66C23970303002C6EA3 /* Project object */ = {
			isa = PBXProject;
			attributes = {
				LastSwiftUpdateCheck = 1120;
				LastUpgradeCheck = 1120;
				ORGANIZATIONNAME = "Andreas Lüdemann";
				TargetAttributes = {
					8EDCD67323970303002C6EA3 = {
						CreatedOnToolsVersion = 11.2.1;
					};
					8EDCD68C23970306002C6EA3 = {
						CreatedOnToolsVersion = 11.2.1;
						TestTargetID = 8EDCD67323970303002C6EA3;
					};
					8EDCD69723970306002C6EA3 = {
						CreatedOnToolsVersion = 11.2.1;
						TestTargetID = 8EDCD67323970303002C6EA3;
					};
				};
			};
			buildConfigurationList = 8EDCD66F23970303002C6EA3 /* Build configuration list for PBXProject "Introspect" */;
			compatibilityVersion = "Xcode 9.3";
			developmentRegion = en;
			hasScannedForEncodings = 0;
			knownRegions = (
				en,
				Base,
			);
			mainGroup = 8EDCD66B23970303002C6EA3;
			packageReferences = (
				8EDCD6AA23970C56002C6EA3 /* XCRemoteSwiftPackageReference "Swinject" */,
				8EDCD6AD23970C85002C6EA3 /* XCRemoteSwiftPackageReference "SwinjectAutoregistration" */,
				8EE6D20923A682080080C060 /* XCRemoteSwiftPackageReference "R.swift" */,
				8ED0C63723A9EBBA00DAAB34 /* XCRemoteSwiftPackageReference "SFSafeSymbols" */,
				8ED0C64123A9F8F800DAAB34 /* XCRemoteSwiftPackageReference "DateHelper" */,
			);
			productRefGroup = 8EDCD67523970303002C6EA3 /* Products */;
			projectDirPath = "";
			projectRoot = "";
			targets = (
				8EDCD67323970303002C6EA3 /* Introspect */,
				8EDCD68C23970306002C6EA3 /* IntrospectTests */,
				8EDCD69723970306002C6EA3 /* IntrospectUITests */,
			);
		};
/* End PBXProject section */

/* Begin PBXResourcesBuildPhase section */
		8EDCD67223970303002C6EA3 /* Resources */ = {
			isa = PBXResourcesBuildPhase;
			buildActionMask = 2147483647;
			files = (
				8EDCD68723970306002C6EA3 /* LaunchScreen.storyboard in Resources */,
				8EDCD6B22397884B002C6EA3 /* UI in Resources */,
				8EDCD68423970306002C6EA3 /* Assets.xcassets in Resources */,
			);
			runOnlyForDeploymentPostprocessing = 0;
		};
		8EDCD68B23970306002C6EA3 /* Resources */ = {
			isa = PBXResourcesBuildPhase;
			buildActionMask = 2147483647;
			files = (
			);
			runOnlyForDeploymentPostprocessing = 0;
		};
		8EDCD69623970306002C6EA3 /* Resources */ = {
			isa = PBXResourcesBuildPhase;
			buildActionMask = 2147483647;
			files = (
			);
			runOnlyForDeploymentPostprocessing = 0;
		};
/* End PBXResourcesBuildPhase section */

/* Begin PBXShellScriptBuildPhase section */
		8E374C6C23A2AA6D00EA9888 /* Run SwiftLint */ = {
			isa = PBXShellScriptBuildPhase;
			buildActionMask = 2147483647;
			files = (
			);
			inputFileListPaths = (
			);
			inputPaths = (
			);
			name = "Run SwiftLint";
			outputFileListPaths = (
			);
			outputPaths = (
			);
			runOnlyForDeploymentPostprocessing = 0;
			shellPath = /bin/sh;
			shellScript = "if which swiftlint >/dev/null; then\n    mint run swiftlint\nelse\n    echo \"warning: SwiftLint not installed, download from https://github.com/realm/SwiftLint\"\nfi\n";
		};
		8E374C7723A6587400EA9888 /* Run SwiftFormat */ = {
			isa = PBXShellScriptBuildPhase;
			buildActionMask = 2147483647;
			files = (
			);
			inputFileListPaths = (
			);
			inputPaths = (
			);
			name = "Run SwiftFormat";
			outputFileListPaths = (
			);
			outputPaths = (
			);
			runOnlyForDeploymentPostprocessing = 0;
			shellPath = /bin/sh;
			shellScript = "if which swiftformat >/dev/null; then\n  #mint run swiftformat swiftformat .\n  exit 0\nelse\n  echo \"warning: SwiftFormat not installed, download from https://github.com/nicklockwood/SwiftFormat\"\nfi\n";
		};
		8EE6D20623A680B30080C060 /* Run R.swift */ = {
			isa = PBXShellScriptBuildPhase;
			buildActionMask = 2147483647;
			files = (
			);
			inputFileListPaths = (
			);
			inputPaths = (
				"$TEMP_DIR/rswift-lastrun",
			);
			name = "Run R.swift";
			outputFileListPaths = (
			);
			outputPaths = (
				$SRCROOT/Introspect/Resources/R.generated.swift,
			);
			runOnlyForDeploymentPostprocessing = 0;
			shellPath = /bin/sh;
			shellScript = "if mint list | grep -q 'R.swift'; then\n  mint run R.swift rswift generate \"$SRCROOT/Introspect/Resources/R.generated.swift\"\nelse\n  echo \"error: R.swift not installed; run 'mint bootstrap' to install\"\n  return -1\nfi\n";
		};
/* End PBXShellScriptBuildPhase section */

/* Begin PBXSourcesBuildPhase section */
		8EDCD67023970303002C6EA3 /* Sources */ = {
			isa = PBXSourcesBuildPhase;
			buildActionMask = 2147483647;
			files = (
				8ED0C64723AA07B400DAAB34 /* CreateCheckInCell.swift in Sources */,
				8EDCD67C23970303002C6EA3 /* CheckInListViewController.swift in Sources */,
				8ED5BFD323A687E6009D98A4 /* R.generated.swift in Sources */,
				8EDCD67823970303002C6EA3 /* AppDelegate.swift in Sources */,
				8EDCD68223970303002C6EA3 /* Introspect.xcdatamodeld in Sources */,
				8E1ABB6B23C0A9080060C8DF /* CarouselFlow.swift in Sources */,
				8EDCD67A23970303002C6EA3 /* SceneDelegate.swift in Sources */,
				8E949AA623AB3A9E00476855 /* CheckInSection.swift in Sources */,
				8EDB016023AA984C0032BEFA /* PastCheckInCell.swift in Sources */,
				8EDCD6BF23983781002C6EA3 /* HomeViewController.swift in Sources */,
			);
			runOnlyForDeploymentPostprocessing = 0;
		};
		8EDCD68923970306002C6EA3 /* Sources */ = {
			isa = PBXSourcesBuildPhase;
			buildActionMask = 2147483647;
			files = (
				8E7E7F0123A93F4300555D65 /* CheckInListViewControllerTests.swift in Sources */,
				8ED0C63C23A9F60200DAAB34 /* UICollectionView+Ext.swift in Sources */,
				8E7E7F0323A94E1300555D65 /* HomeViewControllerTests.swift in Sources */,
			);
			runOnlyForDeploymentPostprocessing = 0;
		};
		8EDCD69423970306002C6EA3 /* Sources */ = {
			isa = PBXSourcesBuildPhase;
			buildActionMask = 2147483647;
			files = (
				8EDCD69D23970306002C6EA3 /* IntrospectUITests.swift in Sources */,
			);
			runOnlyForDeploymentPostprocessing = 0;
		};
/* End PBXSourcesBuildPhase section */

/* Begin PBXTargetDependency section */
		8EDCD68F23970306002C6EA3 /* PBXTargetDependency */ = {
			isa = PBXTargetDependency;
			target = 8EDCD67323970303002C6EA3 /* Introspect */;
			targetProxy = 8EDCD68E23970306002C6EA3 /* PBXContainerItemProxy */;
		};
		8EDCD69A23970306002C6EA3 /* PBXTargetDependency */ = {
			isa = PBXTargetDependency;
			target = 8EDCD67323970303002C6EA3 /* Introspect */;
			targetProxy = 8EDCD69923970306002C6EA3 /* PBXContainerItemProxy */;
		};
/* End PBXTargetDependency section */

/* Begin PBXVariantGroup section */
		8EDCD68523970306002C6EA3 /* LaunchScreen.storyboard */ = {
			isa = PBXVariantGroup;
			children = (
				8EDCD68623970306002C6EA3 /* Base */,
			);
			name = LaunchScreen.storyboard;
			sourceTree = "<group>";
		};
/* End PBXVariantGroup section */

/* Begin XCBuildConfiguration section */
		8EDCD69F23970306002C6EA3 /* Debug */ = {
			isa = XCBuildConfiguration;
			buildSettings = {
				ALWAYS_SEARCH_USER_PATHS = NO;
				CLANG_ANALYZER_NONNULL = YES;
				CLANG_ANALYZER_NUMBER_OBJECT_CONVERSION = YES_AGGRESSIVE;
				CLANG_CXX_LANGUAGE_STANDARD = "gnu++14";
				CLANG_CXX_LIBRARY = "libc++";
				CLANG_ENABLE_MODULES = YES;
				CLANG_ENABLE_OBJC_ARC = YES;
				CLANG_ENABLE_OBJC_WEAK = YES;
				CLANG_WARN_BLOCK_CAPTURE_AUTORELEASING = YES;
				CLANG_WARN_BOOL_CONVERSION = YES;
				CLANG_WARN_COMMA = YES;
				CLANG_WARN_CONSTANT_CONVERSION = YES;
				CLANG_WARN_DEPRECATED_OBJC_IMPLEMENTATIONS = YES;
				CLANG_WARN_DIRECT_OBJC_ISA_USAGE = YES_ERROR;
				CLANG_WARN_DOCUMENTATION_COMMENTS = YES;
				CLANG_WARN_EMPTY_BODY = YES;
				CLANG_WARN_ENUM_CONVERSION = YES;
				CLANG_WARN_INFINITE_RECURSION = YES;
				CLANG_WARN_INT_CONVERSION = YES;
				CLANG_WARN_NON_LITERAL_NULL_CONVERSION = YES;
				CLANG_WARN_OBJC_IMPLICIT_RETAIN_SELF = YES;
				CLANG_WARN_OBJC_LITERAL_CONVERSION = YES;
				CLANG_WARN_OBJC_ROOT_CLASS = YES_ERROR;
				CLANG_WARN_RANGE_LOOP_ANALYSIS = YES;
				CLANG_WARN_STRICT_PROTOTYPES = YES;
				CLANG_WARN_SUSPICIOUS_MOVE = YES;
				CLANG_WARN_UNGUARDED_AVAILABILITY = YES_AGGRESSIVE;
				CLANG_WARN_UNREACHABLE_CODE = YES;
				CLANG_WARN__DUPLICATE_METHOD_MATCH = YES;
				COPY_PHASE_STRIP = NO;
				DEBUG_INFORMATION_FORMAT = dwarf;
				ENABLE_STRICT_OBJC_MSGSEND = YES;
				ENABLE_TESTABILITY = YES;
				GCC_C_LANGUAGE_STANDARD = gnu11;
				GCC_DYNAMIC_NO_PIC = NO;
				GCC_NO_COMMON_BLOCKS = YES;
				GCC_OPTIMIZATION_LEVEL = 0;
				GCC_PREPROCESSOR_DEFINITIONS = (
					"DEBUG=1",
					"$(inherited)",
				);
				GCC_WARN_64_TO_32_BIT_CONVERSION = YES;
				GCC_WARN_ABOUT_RETURN_TYPE = YES_ERROR;
				GCC_WARN_UNDECLARED_SELECTOR = YES;
				GCC_WARN_UNINITIALIZED_AUTOS = YES_AGGRESSIVE;
				GCC_WARN_UNUSED_FUNCTION = YES;
				GCC_WARN_UNUSED_VARIABLE = YES;
				IPHONEOS_DEPLOYMENT_TARGET = 13.2;
				MTL_ENABLE_DEBUG_INFO = INCLUDE_SOURCE;
				MTL_FAST_MATH = YES;
				ONLY_ACTIVE_ARCH = YES;
				SDKROOT = iphoneos;
				SWIFT_ACTIVE_COMPILATION_CONDITIONS = DEBUG;
				SWIFT_OPTIMIZATION_LEVEL = "-Onone";
			};
			name = Debug;
		};
		8EDCD6A023970306002C6EA3 /* Release */ = {
			isa = XCBuildConfiguration;
			buildSettings = {
				ALWAYS_SEARCH_USER_PATHS = NO;
				CLANG_ANALYZER_NONNULL = YES;
				CLANG_ANALYZER_NUMBER_OBJECT_CONVERSION = YES_AGGRESSIVE;
				CLANG_CXX_LANGUAGE_STANDARD = "gnu++14";
				CLANG_CXX_LIBRARY = "libc++";
				CLANG_ENABLE_MODULES = YES;
				CLANG_ENABLE_OBJC_ARC = YES;
				CLANG_ENABLE_OBJC_WEAK = YES;
				CLANG_WARN_BLOCK_CAPTURE_AUTORELEASING = YES;
				CLANG_WARN_BOOL_CONVERSION = YES;
				CLANG_WARN_COMMA = YES;
				CLANG_WARN_CONSTANT_CONVERSION = YES;
				CLANG_WARN_DEPRECATED_OBJC_IMPLEMENTATIONS = YES;
				CLANG_WARN_DIRECT_OBJC_ISA_USAGE = YES_ERROR;
				CLANG_WARN_DOCUMENTATION_COMMENTS = YES;
				CLANG_WARN_EMPTY_BODY = YES;
				CLANG_WARN_ENUM_CONVERSION = YES;
				CLANG_WARN_INFINITE_RECURSION = YES;
				CLANG_WARN_INT_CONVERSION = YES;
				CLANG_WARN_NON_LITERAL_NULL_CONVERSION = YES;
				CLANG_WARN_OBJC_IMPLICIT_RETAIN_SELF = YES;
				CLANG_WARN_OBJC_LITERAL_CONVERSION = YES;
				CLANG_WARN_OBJC_ROOT_CLASS = YES_ERROR;
				CLANG_WARN_RANGE_LOOP_ANALYSIS = YES;
				CLANG_WARN_STRICT_PROTOTYPES = YES;
				CLANG_WARN_SUSPICIOUS_MOVE = YES;
				CLANG_WARN_UNGUARDED_AVAILABILITY = YES_AGGRESSIVE;
				CLANG_WARN_UNREACHABLE_CODE = YES;
				CLANG_WARN__DUPLICATE_METHOD_MATCH = YES;
				COPY_PHASE_STRIP = NO;
				DEBUG_INFORMATION_FORMAT = "dwarf-with-dsym";
				ENABLE_NS_ASSERTIONS = NO;
				ENABLE_STRICT_OBJC_MSGSEND = YES;
				GCC_C_LANGUAGE_STANDARD = gnu11;
				GCC_NO_COMMON_BLOCKS = YES;
				GCC_WARN_64_TO_32_BIT_CONVERSION = YES;
				GCC_WARN_ABOUT_RETURN_TYPE = YES_ERROR;
				GCC_WARN_UNDECLARED_SELECTOR = YES;
				GCC_WARN_UNINITIALIZED_AUTOS = YES_AGGRESSIVE;
				GCC_WARN_UNUSED_FUNCTION = YES;
				GCC_WARN_UNUSED_VARIABLE = YES;
				IPHONEOS_DEPLOYMENT_TARGET = 13.2;
				MTL_ENABLE_DEBUG_INFO = NO;
				MTL_FAST_MATH = YES;
				SDKROOT = iphoneos;
				SWIFT_COMPILATION_MODE = wholemodule;
				SWIFT_OPTIMIZATION_LEVEL = "-O";
				VALIDATE_PRODUCT = YES;
			};
			name = Release;
		};
		8EDCD6A223970306002C6EA3 /* Debug */ = {
			isa = XCBuildConfiguration;
			buildSettings = {
				ASSETCATALOG_COMPILER_APPICON_NAME = AppIcon;
				CODE_SIGN_STYLE = Automatic;
				DEVELOPMENT_TEAM = XX77A4QKHR;
				INFOPLIST_FILE = Introspect/Info.plist;
				IPHONEOS_DEPLOYMENT_TARGET = 13.0;
				LD_RUNPATH_SEARCH_PATHS = (
					"$(inherited)",
					"@executable_path/Frameworks",
				);
				MARKETING_VERSION = 1.0;
				PRODUCT_BUNDLE_IDENTIFIER = com.andreaslydemann.Introspect;
				PRODUCT_NAME = "$(TARGET_NAME)";
				SWIFT_VERSION = 5.0;
				TARGETED_DEVICE_FAMILY = "1,2";
			};
			name = Debug;
		};
		8EDCD6A323970306002C6EA3 /* Release */ = {
			isa = XCBuildConfiguration;
			buildSettings = {
				ASSETCATALOG_COMPILER_APPICON_NAME = AppIcon;
				CODE_SIGN_STYLE = Automatic;
				DEVELOPMENT_TEAM = XX77A4QKHR;
				INFOPLIST_FILE = Introspect/Info.plist;
				IPHONEOS_DEPLOYMENT_TARGET = 13.0;
				LD_RUNPATH_SEARCH_PATHS = (
					"$(inherited)",
					"@executable_path/Frameworks",
				);
				MARKETING_VERSION = 1.0;
				PRODUCT_BUNDLE_IDENTIFIER = com.andreaslydemann.Introspect;
				PRODUCT_NAME = "$(TARGET_NAME)";
				SWIFT_VERSION = 5.0;
				TARGETED_DEVICE_FAMILY = "1,2";
			};
			name = Release;
		};
		8EDCD6A523970306002C6EA3 /* Debug */ = {
			isa = XCBuildConfiguration;
			buildSettings = {
				ALWAYS_EMBED_SWIFT_STANDARD_LIBRARIES = YES;
				BUNDLE_LOADER = "$(TEST_HOST)";
				CODE_SIGN_STYLE = Automatic;
				DEVELOPMENT_TEAM = XX77A4QKHR;
				INFOPLIST_FILE = IntrospectTests/Info.plist;
				IPHONEOS_DEPLOYMENT_TARGET = 13.2;
				LD_RUNPATH_SEARCH_PATHS = (
					"$(inherited)",
					"@executable_path/Frameworks",
					"@loader_path/Frameworks",
				);
				PRODUCT_BUNDLE_IDENTIFIER = com.andreaslydemann.IntrospectTests;
				PRODUCT_NAME = "$(TARGET_NAME)";
				SWIFT_VERSION = 5.0;
				TARGETED_DEVICE_FAMILY = "1,2";
				TEST_HOST = "$(BUILT_PRODUCTS_DIR)/Introspect.app/Introspect";
			};
			name = Debug;
		};
		8EDCD6A623970306002C6EA3 /* Release */ = {
			isa = XCBuildConfiguration;
			buildSettings = {
				ALWAYS_EMBED_SWIFT_STANDARD_LIBRARIES = YES;
				BUNDLE_LOADER = "$(TEST_HOST)";
				CODE_SIGN_STYLE = Automatic;
				DEVELOPMENT_TEAM = XX77A4QKHR;
				INFOPLIST_FILE = IntrospectTests/Info.plist;
				IPHONEOS_DEPLOYMENT_TARGET = 13.2;
				LD_RUNPATH_SEARCH_PATHS = (
					"$(inherited)",
					"@executable_path/Frameworks",
					"@loader_path/Frameworks",
				);
				PRODUCT_BUNDLE_IDENTIFIER = com.andreaslydemann.IntrospectTests;
				PRODUCT_NAME = "$(TARGET_NAME)";
				SWIFT_VERSION = 5.0;
				TARGETED_DEVICE_FAMILY = "1,2";
				TEST_HOST = "$(BUILT_PRODUCTS_DIR)/Introspect.app/Introspect";
			};
			name = Release;
		};
		8EDCD6A823970306002C6EA3 /* Debug */ = {
			isa = XCBuildConfiguration;
			buildSettings = {
				ALWAYS_EMBED_SWIFT_STANDARD_LIBRARIES = YES;
				CODE_SIGN_STYLE = Automatic;
				DEVELOPMENT_TEAM = XX77A4QKHR;
				INFOPLIST_FILE = IntrospectUITests/Info.plist;
				LD_RUNPATH_SEARCH_PATHS = (
					"$(inherited)",
					"@executable_path/Frameworks",
					"@loader_path/Frameworks",
				);
				PRODUCT_BUNDLE_IDENTIFIER = com.andreaslydemann.IntrospectUITests;
				PRODUCT_NAME = "$(TARGET_NAME)";
				SWIFT_VERSION = 5.0;
				TARGETED_DEVICE_FAMILY = "1,2";
				TEST_TARGET_NAME = Introspect;
			};
			name = Debug;
		};
		8EDCD6A923970306002C6EA3 /* Release */ = {
			isa = XCBuildConfiguration;
			buildSettings = {
				ALWAYS_EMBED_SWIFT_STANDARD_LIBRARIES = YES;
				CODE_SIGN_STYLE = Automatic;
				DEVELOPMENT_TEAM = XX77A4QKHR;
				INFOPLIST_FILE = IntrospectUITests/Info.plist;
				LD_RUNPATH_SEARCH_PATHS = (
					"$(inherited)",
					"@executable_path/Frameworks",
					"@loader_path/Frameworks",
				);
				PRODUCT_BUNDLE_IDENTIFIER = com.andreaslydemann.IntrospectUITests;
				PRODUCT_NAME = "$(TARGET_NAME)";
				SWIFT_VERSION = 5.0;
				TARGETED_DEVICE_FAMILY = "1,2";
				TEST_TARGET_NAME = Introspect;
			};
			name = Release;
		};
/* End XCBuildConfiguration section */

/* Begin XCConfigurationList section */
		8EDCD66F23970303002C6EA3 /* Build configuration list for PBXProject "Introspect" */ = {
			isa = XCConfigurationList;
			buildConfigurations = (
				8EDCD69F23970306002C6EA3 /* Debug */,
				8EDCD6A023970306002C6EA3 /* Release */,
			);
			defaultConfigurationIsVisible = 0;
			defaultConfigurationName = Release;
		};
		8EDCD6A123970306002C6EA3 /* Build configuration list for PBXNativeTarget "Introspect" */ = {
			isa = XCConfigurationList;
			buildConfigurations = (
				8EDCD6A223970306002C6EA3 /* Debug */,
				8EDCD6A323970306002C6EA3 /* Release */,
			);
			defaultConfigurationIsVisible = 0;
			defaultConfigurationName = Release;
		};
		8EDCD6A423970306002C6EA3 /* Build configuration list for PBXNativeTarget "IntrospectTests" */ = {
			isa = XCConfigurationList;
			buildConfigurations = (
				8EDCD6A523970306002C6EA3 /* Debug */,
				8EDCD6A623970306002C6EA3 /* Release */,
			);
			defaultConfigurationIsVisible = 0;
			defaultConfigurationName = Release;
		};
		8EDCD6A723970306002C6EA3 /* Build configuration list for PBXNativeTarget "IntrospectUITests" */ = {
			isa = XCConfigurationList;
			buildConfigurations = (
				8EDCD6A823970306002C6EA3 /* Debug */,
				8EDCD6A923970306002C6EA3 /* Release */,
			);
			defaultConfigurationIsVisible = 0;
			defaultConfigurationName = Release;
		};
/* End XCConfigurationList section */

/* Begin XCRemoteSwiftPackageReference section */
		8ED0C63723A9EBBA00DAAB34 /* XCRemoteSwiftPackageReference "SFSafeSymbols" */ = {
			isa = XCRemoteSwiftPackageReference;
			repositoryURL = "https://github.com/piknotech/SFSafeSymbols.git";
			requirement = {
				kind = upToNextMajorVersion;
				minimumVersion = 1.1.0;
			};
		};
		8ED0C64123A9F8F800DAAB34 /* XCRemoteSwiftPackageReference "DateHelper" */ = {
			isa = XCRemoteSwiftPackageReference;
			repositoryURL = "https://github.com/melvitax/DateHelper.git";
			requirement = {
				kind = upToNextMajorVersion;
				minimumVersion = 4.3.0;
			};
		};
		8EDCD6AA23970C56002C6EA3 /* XCRemoteSwiftPackageReference "Swinject" */ = {
			isa = XCRemoteSwiftPackageReference;
			repositoryURL = "https://github.com/Swinject/Swinject.git";
			requirement = {
				kind = upToNextMajorVersion;
				minimumVersion = 2.7.1;
			};
		};
		8EDCD6AD23970C85002C6EA3 /* XCRemoteSwiftPackageReference "SwinjectAutoregistration" */ = {
			isa = XCRemoteSwiftPackageReference;
			repositoryURL = "https://github.com/Swinject/SwinjectAutoregistration.git";
			requirement = {
				kind = upToNextMajorVersion;
				minimumVersion = 2.7.0;
			};
		};
		8EE6D20923A682080080C060 /* XCRemoteSwiftPackageReference "R.swift" */ = {
			isa = XCRemoteSwiftPackageReference;
			repositoryURL = "https://github.com/mac-cain13/R.swift.Library";
			requirement = {
				kind = upToNextMajorVersion;
				minimumVersion = 5.1.0;
			};
		};
/* End XCRemoteSwiftPackageReference section */

/* Begin XCSwiftPackageProductDependency section */
		8ED0C63823A9EBBA00DAAB34 /* SFSafeSymbols */ = {
			isa = XCSwiftPackageProductDependency;
			package = 8ED0C63723A9EBBA00DAAB34 /* XCRemoteSwiftPackageReference "SFSafeSymbols" */;
			productName = SFSafeSymbols;
		};
		8ED0C64223A9F8F800DAAB34 /* DateHelper */ = {
			isa = XCSwiftPackageProductDependency;
			package = 8ED0C64123A9F8F800DAAB34 /* XCRemoteSwiftPackageReference "DateHelper" */;
			productName = DateHelper;
		};
		8EDCD6AB23970C56002C6EA3 /* Swinject */ = {
			isa = XCSwiftPackageProductDependency;
			package = 8EDCD6AA23970C56002C6EA3 /* XCRemoteSwiftPackageReference "Swinject" */;
			productName = Swinject;
		};
		8EDCD6AE23970C85002C6EA3 /* SwinjectAutoregistration */ = {
			isa = XCSwiftPackageProductDependency;
			package = 8EDCD6AD23970C85002C6EA3 /* XCRemoteSwiftPackageReference "SwinjectAutoregistration" */;
			productName = SwinjectAutoregistration;
		};
		8EDCD6BC239836A5002C6EA3 /* UI */ = {
			isa = XCSwiftPackageProductDependency;
			productName = UI;
		};
		8EE6D20A23A682080080C060 /* Rswift */ = {
			isa = XCSwiftPackageProductDependency;
			package = 8EE6D20923A682080080C060 /* XCRemoteSwiftPackageReference "R.swift" */;
			productName = Rswift;
		};
/* End XCSwiftPackageProductDependency section */

/* Begin XCVersionGroup section */
		8EDCD68023970303002C6EA3 /* Introspect.xcdatamodeld */ = {
			isa = XCVersionGroup;
			children = (
				8EDCD68123970303002C6EA3 /* Introspect.xcdatamodel */,
			);
			currentVersion = 8EDCD68123970303002C6EA3 /* Introspect.xcdatamodel */;
			path = Introspect.xcdatamodeld;
			sourceTree = "<group>";
			versionGroupType = wrapper.xcdatamodel;
		};
/* End XCVersionGroup section */
	};
	rootObject = 8EDCD66C23970303002C6EA3 /* Project object */;
}
